
Microsoft Visual Studio Solution File, Format Version 12.00
# Visual Studio Version 16
VisualStudioVersion = 16.0.30717.126
MinimumVisualStudioVersion = 10.0.40219.1
Project("{FAE04EC0-301F-11D3-BF4B-00C04F79EFBC}") = "Assignment7.Android", "Assignment7\Assignment7.Android\Assignment7.Android.csproj", "{0623E0B2-5641-4EE4-B3E2-B928B05B59AA}"
EndProject
Project("{FAE04EC0-301F-11D3-BF4B-00C04F79EFBC}") = "Assignment7", "Assignment7\Assignment7\Assignment7.csproj", "{6A74F655-5472-47AD-A2DA-10A31AC30BC2}"
EndProject
Global
	GlobalSection(SolutionConfigurationPlatforms) = preSolution
		Debug|Any CPU = Debug|Any CPU
		Release|Any CPU = Release|Any CPU
	EndGlobalSection
	GlobalSection(ProjectConfigurationPlatforms) = postSolution
		{0623E0B2-5641-4EE4-B3E2-B928B05B59AA}.Debug|Any CPU.ActiveCfg = Debug|Any CPU
		{0623E0B2-5641-4EE4-B3E2-B928B05B59AA}.Debug|Any CPU.Build.0 = Debug|Any CPU
		{0623E0B2-5641-4EE4-B3E2-B928B05B59AA}.Debug|Any CPU.Deploy.0 = Debug|Any CPU
		{0623E0B2-5641-4EE4-B3E2-B928B05B59AA}.Release|Any CPU.ActiveCfg = Release|Any CPU
		{0623E0B2-5641-4EE4-B3E2-B928B05B59AA}.Release|Any CPU.Build.0 = Release|Any CPU
		{0623E0B2-5641-4EE4-B3E2-B928B05B59AA}.Release|Any CPU.Deploy.0 = Release|Any CPU
		{6A74F655-5472-47AD-A2DA-10A31AC30BC2}.Debug|Any CPU.ActiveCfg = Debug|Any CPU
		{6A74F655-5472-47AD-A2DA-10A31AC30BC2}.Debug|Any CPU.Build.0 = Debug|Any CPU
		{6A74F655-5472-47AD-A2DA-10A31AC30BC2}.Debug|Any CPU.Deploy.0 = Debug|Any CPU
		{6A74F655-5472-47AD-A2DA-10A31AC30BC2}.Release|Any CPU.ActiveCfg = Release|Any CPU
		{6A74F655-5472-47AD-A2DA-10A31AC30BC2}.Release|Any CPU.Build.0 = Release|Any CPU
		{6A74F655-5472-47AD-A2DA-10A31AC30BC2}.Release|Any CPU.Deploy.0 = Release|Any CPU
	EndGlobalSection
	GlobalSection(SolutionProperties) = preSolution
		HideSolutionNode = FALSE
	EndGlobalSection
	GlobalSection(ExtensibilityGlobals) = postSolution
		SolutionGuid = {0277522D-10CA-4978-9DA0-DDDC5550FC2B}
	EndGlobalSection
EndGlobal
